
Microsoft Visual Studio Solution File, Format Version 12.00
# Visual Studio Version 17
VisualStudioVersion = 17.5.33516.290
MinimumVisualStudioVersion = 10.0.40219.1
Project("{9A19103F-16F7-4668-BE54-9A1E7A4F7556}") = "DriveYou_WebClient", "ProjectDriver_Client\DriveYou_WebClient.csproj", "{0D56F244-6A3E-4012-A23F-C1345C577850}"
EndProject
Global
	GlobalSection(SolutionConfigurationPlatforms) = preSolution
		Debug|Any CPU = Debug|Any CPU
		Release|Any CPU = Release|Any CPU
	EndGlobalSection
	GlobalSection(ProjectConfigurationPlatforms) = postSolution
		{0D56F244-6A3E-4012-A23F-C1345C577850}.Debug|Any CPU.ActiveCfg = Debug|Any CPU
		{0D56F244-6A3E-4012-A23F-C1345C577850}.Debug|Any CPU.Build.0 = Debug|Any CPU
		{0D56F244-6A3E-4012-A23F-C1345C577850}.Release|Any CPU.ActiveCfg = Release|Any CPU
		{0D56F244-6A3E-4012-A23F-C1345C577850}.Release|Any CPU.Build.0 = Release|Any CPU
	EndGlobalSection
	GlobalSection(SolutionProperties) = preSolution
		HideSolutionNode = FALSE
	EndGlobalSection
	GlobalSection(ExtensibilityGlobals) = postSolution
		SolutionGuid = {AE11077F-F838-4686-A541-31E4A33C697A}
	EndGlobalSection
EndGlobal
